
Microsoft Visual Studio Solution File, Format Version 12.00
# Visual Studio Version 17
VisualStudioVersion = 17.7.34031.279
MinimumVisualStudioVersion = 10.0.40219.1
Project("{FAE04EC0-301F-11D3-BF4B-00C04F79EFBC}") = "LcrSimulator.Core", "LcrSimulator.Core\LcrSimulator.Core.csproj", "{A8946C3E-D2FB-4ED5-838F-2061A6B01F5B}"
EndProject
Project("{FAE04EC0-301F-11D3-BF4B-00C04F79EFBC}") = "LcrSimulator.WPF", "LcrSimulator.WPF\LcrSimulator.WPF.csproj", "{84F42EDF-8D14-482B-8820-2A1CF9E7495A}"
EndProject
Global
	GlobalSection(SolutionConfigurationPlatforms) = preSolution
		Debug|Any CPU = Debug|Any CPU
		Release|Any CPU = Release|Any CPU
	EndGlobalSection
	GlobalSection(ProjectConfigurationPlatforms) = postSolution
		{A8946C3E-D2FB-4ED5-838F-2061A6B01F5B}.Debug|Any CPU.ActiveCfg = Debug|Any CPU
		{A8946C3E-D2FB-4ED5-838F-2061A6B01F5B}.Debug|Any CPU.Build.0 = Debug|Any CPU
		{A8946C3E-D2FB-4ED5-838F-2061A6B01F5B}.Release|Any CPU.ActiveCfg = Release|Any CPU
		{A8946C3E-D2FB-4ED5-838F-2061A6B01F5B}.Release|Any CPU.Build.0 = Release|Any CPU
		{84F42EDF-8D14-482B-8820-2A1CF9E7495A}.Debug|Any CPU.ActiveCfg = Debug|Any CPU
		{84F42EDF-8D14-482B-8820-2A1CF9E7495A}.Debug|Any CPU.Build.0 = Debug|Any CPU
		{84F42EDF-8D14-482B-8820-2A1CF9E7495A}.Release|Any CPU.ActiveCfg = Release|Any CPU
		{84F42EDF-8D14-482B-8820-2A1CF9E7495A}.Release|Any CPU.Build.0 = Release|Any CPU
	EndGlobalSection
	GlobalSection(SolutionProperties) = preSolution
		HideSolutionNode = FALSE
	EndGlobalSection
	GlobalSection(ExtensibilityGlobals) = postSolution
		SolutionGuid = {BC2486A0-D139-44FD-8115-CB629C3A6ADF}
	EndGlobalSection
EndGlobal
